
Microsoft Visual Studio Solution File, Format Version 12.00
# Visual Studio Version 17
VisualStudioVersion = 17.5.33627.172
MinimumVisualStudioVersion = 10.0.40219.1
Project("{FAE04EC0-301F-11D3-BF4B-00C04F79EFBC}") = "Serializar_y_Deserializar_XML_JSON", "Serializar_y_Deserializar_XML_JSON\Serializar_y_Deserializar_XML_JSON.csproj", "{B0A8BB4A-7498-4EFC-B63D-98EC5FABE922}"
EndProject
Global
	GlobalSection(SolutionConfigurationPlatforms) = preSolution
		Debug|Any CPU = Debug|Any CPU
		Release|Any CPU = Release|Any CPU
	EndGlobalSection
	GlobalSection(ProjectConfigurationPlatforms) = postSolution
		{B0A8BB4A-7498-4EFC-B63D-98EC5FABE922}.Debug|Any CPU.ActiveCfg = Debug|Any CPU
		{B0A8BB4A-7498-4EFC-B63D-98EC5FABE922}.Debug|Any CPU.Build.0 = Debug|Any CPU
		{B0A8BB4A-7498-4EFC-B63D-98EC5FABE922}.Release|Any CPU.ActiveCfg = Release|Any CPU
		{B0A8BB4A-7498-4EFC-B63D-98EC5FABE922}.Release|Any CPU.Build.0 = Release|Any CPU
	EndGlobalSection
	GlobalSection(SolutionProperties) = preSolution
		HideSolutionNode = FALSE
	EndGlobalSection
	GlobalSection(ExtensibilityGlobals) = postSolution
		SolutionGuid = {141598D1-E3E4-4EA2-9C26-75236871CFC2}
	EndGlobalSection
EndGlobal
